
Microsoft Visual Studio Solution File, Format Version 12.00
Project("{FAE04EC0-301F-11D3-BF4B-00C04F79EFBC}") = "FishShop.API", "FishShop.API\FishShop.API.csproj", "{622768E3-A1D6-4D5E-B262-E71DBFEE342D}"
EndProject
Project("{FAE04EC0-301F-11D3-BF4B-00C04F79EFBC}") = "FishShop.Core", "FishShop.Core\FishShop.Core.csproj", "{9EA16C9E-EB5C-4ED6-AEA1-8F600248143A}"
EndProject
Project("{FAE04EC0-301F-11D3-BF4B-00C04F79EFBC}") = "FishShop.DAL", "FishShop.DAL\FishShop.DAL.csproj", "{48409432-EC8D-4451-AEB3-9E2238F95C1E}"
EndProject
Project("{FAE04EC0-301F-11D3-BF4B-00C04F79EFBC}") = "FishShop.Contracts", "FishShop.Contracts\FishShop.Contracts.csproj", "{64AFC045-E69A-4140-9EAB-9A5B2F1A1175}"
EndProject
Project("{FAE04EC0-301F-11D3-BF4B-00C04F79EFBC}") = "FishShop.UnitTests", "FishShop.UnitTests\FishShop.UnitTests.csproj", "{EAAA51BC-14C6-4F65-9BA3-99E3912245C2}"
EndProject
Project("{2150E333-8FDC-42A3-9474-1A3956D46DE8}") = "solution-items", "solution-items", "{9B756DA1-69A2-4AC4-A933-4AA138AE35E1}"
	ProjectSection(SolutionItems) = preProject
		docker-compose.yml = docker-compose.yml
		Dockerfile = Dockerfile
		.dockerignore = .dockerignore
	EndProjectSection
EndProject
Project("{FAE04EC0-301F-11D3-BF4B-00C04F79EFBC}") = "FishShop.RabbitMQ", "FishShop.RabbitMQ\FishShop.RabbitMQ.csproj", "{37DEAEFB-6E08-471C-AB9E-29E1CBBDB1DF}"
EndProject
Global
	GlobalSection(SolutionConfigurationPlatforms) = preSolution
		Debug|Any CPU = Debug|Any CPU
		Release|Any CPU = Release|Any CPU
	EndGlobalSection
	GlobalSection(ProjectConfigurationPlatforms) = postSolution
		{622768E3-A1D6-4D5E-B262-E71DBFEE342D}.Debug|Any CPU.ActiveCfg = Debug|Any CPU
		{622768E3-A1D6-4D5E-B262-E71DBFEE342D}.Debug|Any CPU.Build.0 = Debug|Any CPU
		{622768E3-A1D6-4D5E-B262-E71DBFEE342D}.Release|Any CPU.ActiveCfg = Release|Any CPU
		{622768E3-A1D6-4D5E-B262-E71DBFEE342D}.Release|Any CPU.Build.0 = Release|Any CPU
		{9EA16C9E-EB5C-4ED6-AEA1-8F600248143A}.Debug|Any CPU.ActiveCfg = Debug|Any CPU
		{9EA16C9E-EB5C-4ED6-AEA1-8F600248143A}.Debug|Any CPU.Build.0 = Debug|Any CPU
		{9EA16C9E-EB5C-4ED6-AEA1-8F600248143A}.Release|Any CPU.ActiveCfg = Release|Any CPU
		{9EA16C9E-EB5C-4ED6-AEA1-8F600248143A}.Release|Any CPU.Build.0 = Release|Any CPU
		{48409432-EC8D-4451-AEB3-9E2238F95C1E}.Debug|Any CPU.ActiveCfg = Debug|Any CPU
		{48409432-EC8D-4451-AEB3-9E2238F95C1E}.Debug|Any CPU.Build.0 = Debug|Any CPU
		{48409432-EC8D-4451-AEB3-9E2238F95C1E}.Release|Any CPU.ActiveCfg = Release|Any CPU
		{48409432-EC8D-4451-AEB3-9E2238F95C1E}.Release|Any CPU.Build.0 = Release|Any CPU
		{64AFC045-E69A-4140-9EAB-9A5B2F1A1175}.Debug|Any CPU.ActiveCfg = Debug|Any CPU
		{64AFC045-E69A-4140-9EAB-9A5B2F1A1175}.Debug|Any CPU.Build.0 = Debug|Any CPU
		{64AFC045-E69A-4140-9EAB-9A5B2F1A1175}.Release|Any CPU.ActiveCfg = Release|Any CPU
		{64AFC045-E69A-4140-9EAB-9A5B2F1A1175}.Release|Any CPU.Build.0 = Release|Any CPU
		{EAAA51BC-14C6-4F65-9BA3-99E3912245C2}.Debug|Any CPU.ActiveCfg = Debug|Any CPU
		{EAAA51BC-14C6-4F65-9BA3-99E3912245C2}.Debug|Any CPU.Build.0 = Debug|Any CPU
		{EAAA51BC-14C6-4F65-9BA3-99E3912245C2}.Release|Any CPU.ActiveCfg = Release|Any CPU
		{EAAA51BC-14C6-4F65-9BA3-99E3912245C2}.Release|Any CPU.Build.0 = Release|Any CPU
		{37DEAEFB-6E08-471C-AB9E-29E1CBBDB1DF}.Debug|Any CPU.ActiveCfg = Debug|Any CPU
		{37DEAEFB-6E08-471C-AB9E-29E1CBBDB1DF}.Debug|Any CPU.Build.0 = Debug|Any CPU
		{37DEAEFB-6E08-471C-AB9E-29E1CBBDB1DF}.Release|Any CPU.ActiveCfg = Release|Any CPU
		{37DEAEFB-6E08-471C-AB9E-29E1CBBDB1DF}.Release|Any CPU.Build.0 = Release|Any CPU
	EndGlobalSection
EndGlobal
